{
  "name": "glitchping_term",
  "version": "1.0.1",
  "lockfileVersion": 1,
  "requires": true,
  "dependencies": {
    "gp_engine": {
      "version": "1.1.1",
      "resolved": "https://registry.npmjs.org/gp_engine/-/gp_engine-1.1.1.tgz",
      "integrity": "sha512-z8+Mo0D2uFRkspNUX7tF0Cve910Ye65Nqc0IGQpA05tPRS9+N8+idJBcyL4v/ohXfKee+4ft8f0PoPc85x0kXQ=="
    },
    "readline": {
      "version": "1.3.0",
      "resolved": "https://registry.npmjs.org/readline/-/readline-1.3.0.tgz",
      "integrity": "sha1-xYDXfvLPyHUrEySYBg3JeTp6wBw="
    },
    "term-canvas": {
      "version": "0.0.5",
      "resolved": "https://registry.npmjs.org/term-canvas/-/term-canvas-0.0.5.tgz",
      "integrity": "sha1-WXr6wvpjaabxeGC86cX2bW6gypY="
    }
  }
}
